
Microsoft Visual Studio Solution File, Format Version 12.00
# Visual Studio Version 16
VisualStudioVersion = 16.0.30320.27
MinimumVisualStudioVersion = 10.0.40219.1
Project("{9A19103F-16F7-4668-BE54-9A1E7A4F7556}") = "Bidvest.FileReader", "Bidvest.FileReader\Bidvest.FileReader.csproj", "{52F9604F-2A1F-4957-8540-F3DF4849F82A}"
EndProject
Project("{9A19103F-16F7-4668-BE54-9A1E7A4F7556}") = "BidvestData.Common", "BidvestData.Common\BidvestData.Common.csproj", "{392973A6-F9D0-4268-87BE-14658375D42E}"
EndProject
Project("{FAE04EC0-301F-11D3-BF4B-00C04F79EFBC}") = "Bidvest.Core", "Bidvest.Core\Bidvest.Core.csproj", "{7AD8F00A-8C6C-4792-BD54-FEAF5E40D03C}"
EndProject
Project("{FAE04EC0-301F-11D3-BF4B-00C04F79EFBC}") = "Bidvest.API", "Bidvest.API\Bidvest.API.csproj", "{EA59D26F-A41D-4C8C-96F0-CE1FD0E3C285}"
EndProject
Global
	GlobalSection(SolutionConfigurationPlatforms) = preSolution
		Debug|Any CPU = Debug|Any CPU
		Release|Any CPU = Release|Any CPU
	EndGlobalSection
	GlobalSection(ProjectConfigurationPlatforms) = postSolution
		{52F9604F-2A1F-4957-8540-F3DF4849F82A}.Debug|Any CPU.ActiveCfg = Debug|Any CPU
		{52F9604F-2A1F-4957-8540-F3DF4849F82A}.Debug|Any CPU.Build.0 = Debug|Any CPU
		{52F9604F-2A1F-4957-8540-F3DF4849F82A}.Release|Any CPU.ActiveCfg = Release|Any CPU
		{52F9604F-2A1F-4957-8540-F3DF4849F82A}.Release|Any CPU.Build.0 = Release|Any CPU
		{392973A6-F9D0-4268-87BE-14658375D42E}.Debug|Any CPU.ActiveCfg = Debug|Any CPU
		{392973A6-F9D0-4268-87BE-14658375D42E}.Debug|Any CPU.Build.0 = Debug|Any CPU
		{392973A6-F9D0-4268-87BE-14658375D42E}.Release|Any CPU.ActiveCfg = Release|Any CPU
		{392973A6-F9D0-4268-87BE-14658375D42E}.Release|Any CPU.Build.0 = Release|Any CPU
		{7AD8F00A-8C6C-4792-BD54-FEAF5E40D03C}.Debug|Any CPU.ActiveCfg = Debug|Any CPU
		{7AD8F00A-8C6C-4792-BD54-FEAF5E40D03C}.Debug|Any CPU.Build.0 = Debug|Any CPU
		{7AD8F00A-8C6C-4792-BD54-FEAF5E40D03C}.Release|Any CPU.ActiveCfg = Release|Any CPU
		{7AD8F00A-8C6C-4792-BD54-FEAF5E40D03C}.Release|Any CPU.Build.0 = Release|Any CPU
		{EA59D26F-A41D-4C8C-96F0-CE1FD0E3C285}.Debug|Any CPU.ActiveCfg = Debug|Any CPU
		{EA59D26F-A41D-4C8C-96F0-CE1FD0E3C285}.Debug|Any CPU.Build.0 = Debug|Any CPU
		{EA59D26F-A41D-4C8C-96F0-CE1FD0E3C285}.Release|Any CPU.ActiveCfg = Release|Any CPU
		{EA59D26F-A41D-4C8C-96F0-CE1FD0E3C285}.Release|Any CPU.Build.0 = Release|Any CPU
	EndGlobalSection
	GlobalSection(SolutionProperties) = preSolution
		HideSolutionNode = FALSE
	EndGlobalSection
	GlobalSection(ExtensibilityGlobals) = postSolution
		SolutionGuid = {3320B3C3-B519-4684-B445-B196FFDC5778}
	EndGlobalSection
EndGlobal
