{
  "version": 3,
  "targets": {
    ".NETCoreApp,Version=v3.1": {
      "Newtonsoft.Json/12.0.3": {
        "type": "package",
        "compile": {
          "lib/netstandard2.0/Newtonsoft.Json.dll": {}
        },
        "runtime": {
          "lib/netstandard2.0/Newtonsoft.Json.dll": {}
        }
      },
      "Bidvest.Core/1.0.0": {
        "type": "project",
        "framework": ".NETCoreApp,Version=v3.1",
        "dependencies": {
          "BidvestData.Common": "1.0.0",
          "Newtonsoft.Json": "12.0.3"
        },
        "compile": {
          "bin/placeholder/Bidvest.Core.dll": {}
        },
        "runtime": {
          "bin/placeholder/Bidvest.Core.dll": {}
        }
      },
      "BidvestData.Common/1.0.0": {
        "type": "project",
        "framework": ".NETCoreApp,Version=v3.1",
        "compile": {
          "bin/placeholder/BidvestData.Common.dll": {}
        },
        "runtime": {
          "bin/placeholder/BidvestData.Common.dll": {}
        }
      }
    }
  },
  "libraries": {
    "Newtonsoft.Json/12.0.3": {
      "sha512": "6mgjfnRB4jKMlzHSl+VD+oUc1IebOZabkbyWj2RiTgWwYPPuaK1H97G1sHqGwPlS5npiF5Q0OrxN1wni2n5QWg==",
      "type": "package",
      "path": "newtonsoft.json/12.0.3",
      "files": [
        ".nupkg.metadata",
        ".signature.p7s",
        "LICENSE.md",
        "lib/net20/Newtonsoft.Json.dll",
        "lib/net20/Newtonsoft.Json.xml",
        "lib/net35/Newtonsoft.Json.dll",
        "lib/net35/Newtonsoft.Json.xml",
        "lib/net40/Newtonsoft.Json.dll",
        "lib/net40/Newtonsoft.Json.xml",
        "lib/net45/Newtonsoft.Json.dll",
        "lib/net45/Newtonsoft.Json.xml",
        "lib/netstandard1.0/Newtonsoft.Json.dll",
        "lib/netstandard1.0/Newtonsoft.Json.xml",
        "lib/netstandard1.3/Newtonsoft.Json.dll",
        "lib/netstandard1.3/Newtonsoft.Json.xml",
        "lib/netstandard2.0/Newtonsoft.Json.dll",
        "lib/netstandard2.0/Newtonsoft.Json.xml",
        "lib/portable-net40+sl5+win8+wp8+wpa81/Newtonsoft.Json.dll",
        "lib/portable-net40+sl5+win8+wp8+wpa81/Newtonsoft.Json.xml",
        "lib/portable-net45+win8+wp8+wpa81/Newtonsoft.Json.dll",
        "lib/portable-net45+win8+wp8+wpa81/Newtonsoft.Json.xml",
        "newtonsoft.json.12.0.3.nupkg.sha512",
        "newtonsoft.json.nuspec",
        "packageIcon.png"
      ]
    },
    "Bidvest.Core/1.0.0": {
      "type": "project",
      "path": "../Bidvest.Core/Bidvest.Core.csproj",
      "msbuildProject": "../Bidvest.Core/Bidvest.Core.csproj"
    },
    "BidvestData.Common/1.0.0": {
      "type": "project",
      "path": "../BidvestData.Common/BidvestData.Common.csproj",
      "msbuildProject": "../BidvestData.Common/BidvestData.Common.csproj"
    }
  },
  "projectFileDependencyGroups": {
    ".NETCoreApp,Version=v3.1": [
      "Bidvest.Core >= 1.0.0",
      "BidvestData.Common >= 1.0.0",
      "Newtonsoft.Json >= 12.0.3"
    ]
  },
  "packageFolders": {
    "C:\\Users\\C822316\\.nuget\\packages\\": {},
    "C:\\Program Files\\dotnet\\sdk\\NuGetFallbackFolder": {}
  },
  "project": {
    "version": "1.0.0",
    "restore": {
      "projectUniqueName": "D:\\VS Projects\\BidvestData.PracticalTest\\Bidvest.FileReader\\Bidvest.FileReader.csproj",
      "projectName": "Bidvest.FileReader",
      "projectPath": "D:\\VS Projects\\BidvestData.PracticalTest\\Bidvest.FileReader\\Bidvest.FileReader.csproj",
      "packagesPath": "C:\\Users\\C822316\\.nuget\\packages\\",
      "outputPath": "D:\\VS Projects\\BidvestData.PracticalTest\\Bidvest.FileReader\\obj\\",
      "projectStyle": "PackageReference",
      "fallbackFolders": [
        "C:\\Program Files\\dotnet\\sdk\\NuGetFallbackFolder"
      ],
      "configFilePaths": [
        "C:\\Users\\C822316\\AppData\\Roaming\\NuGet\\NuGet.Config",
        "C:\\Program Files (x86)\\NuGet\\Config\\Microsoft.VisualStudio.Offline.config"
      ],
      "originalTargetFrameworks": [
        "netcoreapp3.1"
      ],
      "sources": {
        "C:\\Program Files (x86)\\Microsoft SDKs\\NuGetPackages\\": {},
        "\\\\psdc-001iisgnsv\\StandardBankNugetServer\\Packages": {},
        "https://api.nuget.org/v3/index.json": {},
        "https://standardbank.pkgs.visualstudio.com/_packaging/InsurancePackages/nuget/v3/index.json": {}
      },
      "frameworks": {
        "netcoreapp3.1": {
          "projectReferences": {
            "D:\\VS Projects\\BidvestData.PracticalTest\\Bidvest.Core\\Bidvest.Core.csproj": {
              "projectPath": "D:\\VS Projects\\BidvestData.PracticalTest\\Bidvest.Core\\Bidvest.Core.csproj"
            },
            "D:\\VS Projects\\BidvestData.PracticalTest\\BidvestData.Common\\BidvestData.Common.csproj": {
              "projectPath": "D:\\VS Projects\\BidvestData.PracticalTest\\BidvestData.Common\\BidvestData.Common.csproj"
            }
          }
        }
      },
      "warningProperties": {
        "warnAsError": [
          "NU1605"
        ]
      }
    },
    "frameworks": {
      "netcoreapp3.1": {
        "dependencies": {
          "Newtonsoft.Json": {
            "target": "Package",
            "version": "[12.0.3, )"
          }
        },
        "imports": [
          "net461",
          "net462",
          "net47",
          "net471",
          "net472",
          "net48"
        ],
        "assetTargetFallback": true,
        "warn": true,
        "frameworkReferences": {
          "Microsoft.NETCore.App": {
            "privateAssets": "all"
          }
        },
        "runtimeIdentifierGraphPath": "C:\\Program Files\\dotnet\\sdk\\3.1.302\\RuntimeIdentifierGraph.json"
      }
    }
  }
}